
Microsoft Visual Studio Solution File, Format Version 12.00
# Visual Studio 15
VisualStudioVersion = 15.0.27428.2037
MinimumVisualStudioVersion = 10.0.40219.1
Project("{FAE04EC0-301F-11D3-BF4B-00C04F79EFBC}") = "Hexagon", "Hexagon\Hexagon.csproj", "{008AD540-8BC6-4EB4-BE5F-C13D6A93E328}"
EndProject
Project("{FAE04EC0-301F-11D3-BF4B-00C04F79EFBC}") = "HexagonWin", "HexagonWin\HexagonWin.csproj", "{8C9C6707-0E99-4AB7-934B-B86A5EC7408A}"
EndProject
Project("{FAE04EC0-301F-11D3-BF4B-00C04F79EFBC}") = "HexagonLibrary", "HexagonLibrary\HexagonLibrary.csproj", "{4BF6E92F-62C0-484C-9C52-4D17F58DB286}"
EndProject
Project("{FAE04EC0-301F-11D3-BF4B-00C04F79EFBC}") = "HexagonView", "HexagonView\HexagonView.csproj", "{6E8D0D7C-135A-4DC6-A223-57A072B166F7}"
EndProject
Project("{FAE04EC0-301F-11D3-BF4B-00C04F79EFBC}") = "MonoGuiFramework", "..\MonoGuiFramework\MonoGuiFramework.csproj", "{9D79E3D1-B453-46FD-A3D2-60D955E8B542}"
EndProject
Global
	GlobalSection(SolutionConfigurationPlatforms) = preSolution
		Ad-Hoc|Any CPU = Ad-Hoc|Any CPU
		Ad-Hoc|iPhone = Ad-Hoc|iPhone
		Ad-Hoc|iPhoneSimulator = Ad-Hoc|iPhoneSimulator
		Ad-Hoc|x64 = Ad-Hoc|x64
		Ad-Hoc|x86 = Ad-Hoc|x86
		AppStore|Any CPU = AppStore|Any CPU
		AppStore|iPhone = AppStore|iPhone
		AppStore|iPhoneSimulator = AppStore|iPhoneSimulator
		AppStore|x64 = AppStore|x64
		AppStore|x86 = AppStore|x86
		Debug|Any CPU = Debug|Any CPU
		Debug|iPhone = Debug|iPhone
		Debug|iPhoneSimulator = Debug|iPhoneSimulator
		Debug|x64 = Debug|x64
		Debug|x86 = Debug|x86
		DebugAndroid|Any CPU = DebugAndroid|Any CPU
		DebugAndroid|iPhone = DebugAndroid|iPhone
		DebugAndroid|iPhoneSimulator = DebugAndroid|iPhoneSimulator
		DebugAndroid|x64 = DebugAndroid|x64
		DebugAndroid|x86 = DebugAndroid|x86
		Release|Any CPU = Release|Any CPU
		Release|iPhone = Release|iPhone
		Release|iPhoneSimulator = Release|iPhoneSimulator
		Release|x64 = Release|x64
		Release|x86 = Release|x86
	EndGlobalSection
	GlobalSection(ProjectConfigurationPlatforms) = postSolution
		{008AD540-8BC6-4EB4-BE5F-C13D6A93E328}.Ad-Hoc|Any CPU.ActiveCfg = Release|Any CPU
		{008AD540-8BC6-4EB4-BE5F-C13D6A93E328}.Ad-Hoc|Any CPU.Build.0 = Release|Any CPU
		{008AD540-8BC6-4EB4-BE5F-C13D6A93E328}.Ad-Hoc|Any CPU.Deploy.0 = Release|Any CPU
		{008AD540-8BC6-4EB4-BE5F-C13D6A93E328}.Ad-Hoc|iPhone.ActiveCfg = Release|Any CPU
		{008AD540-8BC6-4EB4-BE5F-C13D6A93E328}.Ad-Hoc|iPhone.Build.0 = Release|Any CPU
		{008AD540-8BC6-4EB4-BE5F-C13D6A93E328}.Ad-Hoc|iPhone.Deploy.0 = Release|Any CPU
		{008AD540-8BC6-4EB4-BE5F-C13D6A93E328}.Ad-Hoc|iPhoneSimulator.ActiveCfg = Release|Any CPU
		{008AD540-8BC6-4EB4-BE5F-C13D6A93E328}.Ad-Hoc|iPhoneSimulator.Build.0 = Release|Any CPU
		{008AD540-8BC6-4EB4-BE5F-C13D6A93E328}.Ad-Hoc|iPhoneSimulator.Deploy.0 = Release|Any CPU
		{008AD540-8BC6-4EB4-BE5F-C13D6A93E328}.Ad-Hoc|x64.ActiveCfg = Debug|Any CPU
		{008AD540-8BC6-4EB4-BE5F-C13D6A93E328}.Ad-Hoc|x64.Build.0 = Debug|Any CPU
		{008AD540-8BC6-4EB4-BE5F-C13D6A93E328}.Ad-Hoc|x64.Deploy.0 = Debug|Any CPU
		{008AD540-8BC6-4EB4-BE5F-C13D6A93E328}.Ad-Hoc|x86.ActiveCfg = Release|Any CPU
		{008AD540-8BC6-4EB4-BE5F-C13D6A93E328}.Ad-Hoc|x86.Build.0 = Release|Any CPU
		{008AD540-8BC6-4EB4-BE5F-C13D6A93E328}.Ad-Hoc|x86.Deploy.0 = Release|Any CPU
		{008AD540-8BC6-4EB4-BE5F-C13D6A93E328}.AppStore|Any CPU.ActiveCfg = Release|Any CPU
		{008AD540-8BC6-4EB4-BE5F-C13D6A93E328}.AppStore|Any CPU.Build.0 = Release|Any CPU
		{008AD540-8BC6-4EB4-BE5F-C13D6A93E328}.AppStore|Any CPU.Deploy.0 = Release|Any CPU
		{008AD540-8BC6-4EB4-BE5F-C13D6A93E328}.AppStore|iPhone.ActiveCfg = Release|Any CPU
		{008AD540-8BC6-4EB4-BE5F-C13D6A93E328}.AppStore|iPhone.Build.0 = Release|Any CPU
		{008AD540-8BC6-4EB4-BE5F-C13D6A93E328}.AppStore|iPhone.Deploy.0 = Release|Any CPU
		{008AD540-8BC6-4EB4-BE5F-C13D6A93E328}.AppStore|iPhoneSimulator.ActiveCfg = Release|Any CPU
		{008AD540-8BC6-4EB4-BE5F-C13D6A93E328}.AppStore|iPhoneSimulator.Build.0 = Release|Any CPU
		{008AD540-8BC6-4EB4-BE5F-C13D6A93E328}.AppStore|iPhoneSimulator.Deploy.0 = Release|Any CPU
		{008AD540-8BC6-4EB4-BE5F-C13D6A93E328}.AppStore|x64.ActiveCfg = Debug|Any CPU
		{008AD540-8BC6-4EB4-BE5F-C13D6A93E328}.AppStore|x64.Build.0 = Debug|Any CPU
		{008AD540-8BC6-4EB4-BE5F-C13D6A93E328}.AppStore|x64.Deploy.0 = Debug|Any CPU
		{008AD540-8BC6-4EB4-BE5F-C13D6A93E328}.AppStore|x86.ActiveCfg = Release|Any CPU
		{008AD540-8BC6-4EB4-BE5F-C13D6A93E328}.AppStore|x86.Build.0 = Release|Any CPU
		{008AD540-8BC6-4EB4-BE5F-C13D6A93E328}.AppStore|x86.Deploy.0 = Release|Any CPU
		{008AD540-8BC6-4EB4-BE5F-C13D6A93E328}.Debug|Any CPU.ActiveCfg = Debug|Any CPU
		{008AD540-8BC6-4EB4-BE5F-C13D6A93E328}.Debug|Any CPU.Build.0 = Debug|Any CPU
		{008AD540-8BC6-4EB4-BE5F-C13D6A93E328}.Debug|Any CPU.Deploy.0 = Debug|Any CPU
		{008AD540-8BC6-4EB4-BE5F-C13D6A93E328}.Debug|iPhone.ActiveCfg = Debug|Any CPU
		{008AD540-8BC6-4EB4-BE5F-C13D6A93E328}.Debug|iPhone.Build.0 = Debug|Any CPU
		{008AD540-8BC6-4EB4-BE5F-C13D6A93E328}.Debug|iPhone.Deploy.0 = Debug|Any CPU
		{008AD540-8BC6-4EB4-BE5F-C13D6A93E328}.Debug|iPhoneSimulator.ActiveCfg = Debug|Any CPU
		{008AD540-8BC6-4EB4-BE5F-C13D6A93E328}.Debug|iPhoneSimulator.Build.0 = Debug|Any CPU
		{008AD540-8BC6-4EB4-BE5F-C13D6A93E328}.Debug|iPhoneSimulator.Deploy.0 = Debug|Any CPU
		{008AD540-8BC6-4EB4-BE5F-C13D6A93E328}.Debug|x64.ActiveCfg = Debug|Any CPU
		{008AD540-8BC6-4EB4-BE5F-C13D6A93E328}.Debug|x64.Build.0 = Debug|Any CPU
		{008AD540-8BC6-4EB4-BE5F-C13D6A93E328}.Debug|x64.Deploy.0 = Debug|Any CPU
		{008AD540-8BC6-4EB4-BE5F-C13D6A93E328}.Debug|x86.ActiveCfg = Debug|Any CPU
		{008AD540-8BC6-4EB4-BE5F-C13D6A93E328}.Debug|x86.Build.0 = Debug|Any CPU
		{008AD540-8BC6-4EB4-BE5F-C13D6A93E328}.Debug|x86.Deploy.0 = Debug|Any CPU
		{008AD540-8BC6-4EB4-BE5F-C13D6A93E328}.DebugAndroid|Any CPU.ActiveCfg = Debug|Any CPU
		{008AD540-8BC6-4EB4-BE5F-C13D6A93E328}.DebugAndroid|Any CPU.Build.0 = Debug|Any CPU
		{008AD540-8BC6-4EB4-BE5F-C13D6A93E328}.DebugAndroid|Any CPU.Deploy.0 = Debug|Any CPU
		{008AD540-8BC6-4EB4-BE5F-C13D6A93E328}.DebugAndroid|iPhone.ActiveCfg = Debug|Any CPU
		{008AD540-8BC6-4EB4-BE5F-C13D6A93E328}.DebugAndroid|iPhone.Build.0 = Debug|Any CPU
		{008AD540-8BC6-4EB4-BE5F-C13D6A93E328}.DebugAndroid|iPhone.Deploy.0 = Debug|Any CPU
		{008AD540-8BC6-4EB4-BE5F-C13D6A93E328}.DebugAndroid|iPhoneSimulator.ActiveCfg = Debug|Any CPU
		{008AD540-8BC6-4EB4-BE5F-C13D6A93E328}.DebugAndroid|iPhoneSimulator.Build.0 = Debug|Any CPU
		{008AD540-8BC6-4EB4-BE5F-C13D6A93E328}.DebugAndroid|iPhoneSimulator.Deploy.0 = Debug|Any CPU
		{008AD540-8BC6-4EB4-BE5F-C13D6A93E328}.DebugAndroid|x64.ActiveCfg = Debug|Any CPU
		{008AD540-8BC6-4EB4-BE5F-C13D6A93E328}.DebugAndroid|x64.Build.0 = Debug|Any CPU
		{008AD540-8BC6-4EB4-BE5F-C13D6A93E328}.DebugAndroid|x64.Deploy.0 = Debug|Any CPU
		{008AD540-8BC6-4EB4-BE5F-C13D6A93E328}.DebugAndroid|x86.ActiveCfg = Debug|Any CPU
		{008AD540-8BC6-4EB4-BE5F-C13D6A93E328}.DebugAndroid|x86.Build.0 = Debug|Any CPU
		{008AD540-8BC6-4EB4-BE5F-C13D6A93E328}.DebugAndroid|x86.Deploy.0 = Debug|Any CPU
		{008AD540-8BC6-4EB4-BE5F-C13D6A93E328}.Release|Any CPU.ActiveCfg = Release|Any CPU
		{008AD540-8BC6-4EB4-BE5F-C13D6A93E328}.Release|Any CPU.Build.0 = Release|Any CPU
		{008AD540-8BC6-4EB4-BE5F-C13D6A93E328}.Release|Any CPU.Deploy.0 = Release|Any CPU
		{008AD540-8BC6-4EB4-BE5F-C13D6A93E328}.Release|iPhone.ActiveCfg = Release|Any CPU
		{008AD540-8BC6-4EB4-BE5F-C13D6A93E328}.Release|iPhone.Build.0 = Release|Any CPU
		{008AD540-8BC6-4EB4-BE5F-C13D6A93E328}.Release|iPhone.Deploy.0 = Release|Any CPU
		{008AD540-8BC6-4EB4-BE5F-C13D6A93E328}.Release|iPhoneSimulator.ActiveCfg = Release|Any CPU
		{008AD540-8BC6-4EB4-BE5F-C13D6A93E328}.Release|iPhoneSimulator.Build.0 = Release|Any CPU
		{008AD540-8BC6-4EB4-BE5F-C13D6A93E328}.Release|iPhoneSimulator.Deploy.0 = Release|Any CPU
		{008AD540-8BC6-4EB4-BE5F-C13D6A93E328}.Release|x64.ActiveCfg = Release|Any CPU
		{008AD540-8BC6-4EB4-BE5F-C13D6A93E328}.Release|x64.Build.0 = Release|Any CPU
		{008AD540-8BC6-4EB4-BE5F-C13D6A93E328}.Release|x64.Deploy.0 = Release|Any CPU
		{008AD540-8BC6-4EB4-BE5F-C13D6A93E328}.Release|x86.ActiveCfg = Release|Any CPU
		{008AD540-8BC6-4EB4-BE5F-C13D6A93E328}.Release|x86.Build.0 = Release|Any CPU
		{008AD540-8BC6-4EB4-BE5F-C13D6A93E328}.Release|x86.Deploy.0 = Release|Any CPU
		{8C9C6707-0E99-4AB7-934B-B86A5EC7408A}.Ad-Hoc|Any CPU.ActiveCfg = Release|x86
		{8C9C6707-0E99-4AB7-934B-B86A5EC7408A}.Ad-Hoc|Any CPU.Build.0 = Release|x86
		{8C9C6707-0E99-4AB7-934B-B86A5EC7408A}.Ad-Hoc|iPhone.ActiveCfg = Release|x86
		{8C9C6707-0E99-4AB7-934B-B86A5EC7408A}.Ad-Hoc|iPhone.Build.0 = Release|x86
		{8C9C6707-0E99-4AB7-934B-B86A5EC7408A}.Ad-Hoc|iPhoneSimulator.ActiveCfg = Release|x86
		{8C9C6707-0E99-4AB7-934B-B86A5EC7408A}.Ad-Hoc|iPhoneSimulator.Build.0 = Release|x86
		{8C9C6707-0E99-4AB7-934B-B86A5EC7408A}.Ad-Hoc|x64.ActiveCfg = DebugAndroid|x64
		{8C9C6707-0E99-4AB7-934B-B86A5EC7408A}.Ad-Hoc|x64.Build.0 = DebugAndroid|x64
		{8C9C6707-0E99-4AB7-934B-B86A5EC7408A}.Ad-Hoc|x86.ActiveCfg = Release|x86
		{8C9C6707-0E99-4AB7-934B-B86A5EC7408A}.Ad-Hoc|x86.Build.0 = Release|x86
		{8C9C6707-0E99-4AB7-934B-B86A5EC7408A}.AppStore|Any CPU.ActiveCfg = Release|x86
		{8C9C6707-0E99-4AB7-934B-B86A5EC7408A}.AppStore|Any CPU.Build.0 = Release|x86
		{8C9C6707-0E99-4AB7-934B-B86A5EC7408A}.AppStore|iPhone.ActiveCfg = Release|x86
		{8C9C6707-0E99-4AB7-934B-B86A5EC7408A}.AppStore|iPhone.Build.0 = Release|x86
		{8C9C6707-0E99-4AB7-934B-B86A5EC7408A}.AppStore|iPhoneSimulator.ActiveCfg = Release|x86
		{8C9C6707-0E99-4AB7-934B-B86A5EC7408A}.AppStore|iPhoneSimulator.Build.0 = Release|x86
		{8C9C6707-0E99-4AB7-934B-B86A5EC7408A}.AppStore|x64.ActiveCfg = DebugAndroid|x64
		{8C9C6707-0E99-4AB7-934B-B86A5EC7408A}.AppStore|x64.Build.0 = DebugAndroid|x64
		{8C9C6707-0E99-4AB7-934B-B86A5EC7408A}.AppStore|x86.ActiveCfg = Release|x86
		{8C9C6707-0E99-4AB7-934B-B86A5EC7408A}.AppStore|x86.Build.0 = Release|x86
		{8C9C6707-0E99-4AB7-934B-B86A5EC7408A}.Debug|Any CPU.ActiveCfg = Debug|x86
		{8C9C6707-0E99-4AB7-934B-B86A5EC7408A}.Debug|iPhone.ActiveCfg = Debug|x86
		{8C9C6707-0E99-4AB7-934B-B86A5EC7408A}.Debug|iPhoneSimulator.ActiveCfg = Debug|x86
		{8C9C6707-0E99-4AB7-934B-B86A5EC7408A}.Debug|x64.ActiveCfg = Debug|x64
		{8C9C6707-0E99-4AB7-934B-B86A5EC7408A}.Debug|x64.Build.0 = Debug|x64
		{8C9C6707-0E99-4AB7-934B-B86A5EC7408A}.Debug|x86.ActiveCfg = Debug|x86
		{8C9C6707-0E99-4AB7-934B-B86A5EC7408A}.Debug|x86.Build.0 = Debug|x86
		{8C9C6707-0E99-4AB7-934B-B86A5EC7408A}.DebugAndroid|Any CPU.ActiveCfg = DebugAndroid|x86
		{8C9C6707-0E99-4AB7-934B-B86A5EC7408A}.DebugAndroid|iPhone.ActiveCfg = DebugAndroid|x86
		{8C9C6707-0E99-4AB7-934B-B86A5EC7408A}.DebugAndroid|iPhoneSimulator.ActiveCfg = DebugAndroid|x86
		{8C9C6707-0E99-4AB7-934B-B86A5EC7408A}.DebugAndroid|x64.ActiveCfg = DebugAndroid|x64
		{8C9C6707-0E99-4AB7-934B-B86A5EC7408A}.DebugAndroid|x64.Build.0 = DebugAndroid|x64
		{8C9C6707-0E99-4AB7-934B-B86A5EC7408A}.DebugAndroid|x86.ActiveCfg = DebugAndroid|x86
		{8C9C6707-0E99-4AB7-934B-B86A5EC7408A}.DebugAndroid|x86.Build.0 = DebugAndroid|x86
		{8C9C6707-0E99-4AB7-934B-B86A5EC7408A}.Release|Any CPU.ActiveCfg = Release|x86
		{8C9C6707-0E99-4AB7-934B-B86A5EC7408A}.Release|iPhone.ActiveCfg = Release|x86
		{8C9C6707-0E99-4AB7-934B-B86A5EC7408A}.Release|iPhoneSimulator.ActiveCfg = Release|x86
		{8C9C6707-0E99-4AB7-934B-B86A5EC7408A}.Release|x64.ActiveCfg = Release|x64
		{8C9C6707-0E99-4AB7-934B-B86A5EC7408A}.Release|x64.Build.0 = Release|x64
		{8C9C6707-0E99-4AB7-934B-B86A5EC7408A}.Release|x86.ActiveCfg = Release|x86
		{8C9C6707-0E99-4AB7-934B-B86A5EC7408A}.Release|x86.Build.0 = Release|x86
		{4BF6E92F-62C0-484C-9C52-4D17F58DB286}.Ad-Hoc|Any CPU.ActiveCfg = Release|Any CPU
		{4BF6E92F-62C0-484C-9C52-4D17F58DB286}.Ad-Hoc|Any CPU.Build.0 = Release|Any CPU
		{4BF6E92F-62C0-484C-9C52-4D17F58DB286}.Ad-Hoc|iPhone.ActiveCfg = Release|Any CPU
		{4BF6E92F-62C0-484C-9C52-4D17F58DB286}.Ad-Hoc|iPhone.Build.0 = Release|Any CPU
		{4BF6E92F-62C0-484C-9C52-4D17F58DB286}.Ad-Hoc|iPhoneSimulator.ActiveCfg = Release|Any CPU
		{4BF6E92F-62C0-484C-9C52-4D17F58DB286}.Ad-Hoc|iPhoneSimulator.Build.0 = Release|Any CPU
		{4BF6E92F-62C0-484C-9C52-4D17F58DB286}.Ad-Hoc|x64.ActiveCfg = DebugAndroid|x64
		{4BF6E92F-62C0-484C-9C52-4D17F58DB286}.Ad-Hoc|x64.Build.0 = DebugAndroid|x64
		{4BF6E92F-62C0-484C-9C52-4D17F58DB286}.Ad-Hoc|x86.ActiveCfg = Release|Any CPU
		{4BF6E92F-62C0-484C-9C52-4D17F58DB286}.Ad-Hoc|x86.Build.0 = Release|Any CPU
		{4BF6E92F-62C0-484C-9C52-4D17F58DB286}.AppStore|Any CPU.ActiveCfg = Release|Any CPU
		{4BF6E92F-62C0-484C-9C52-4D17F58DB286}.AppStore|Any CPU.Build.0 = Release|Any CPU
		{4BF6E92F-62C0-484C-9C52-4D17F58DB286}.AppStore|iPhone.ActiveCfg = Release|Any CPU
		{4BF6E92F-62C0-484C-9C52-4D17F58DB286}.AppStore|iPhone.Build.0 = Release|Any CPU
		{4BF6E92F-62C0-484C-9C52-4D17F58DB286}.AppStore|iPhoneSimulator.ActiveCfg = Release|Any CPU
		{4BF6E92F-62C0-484C-9C52-4D17F58DB286}.AppStore|iPhoneSimulator.Build.0 = Release|Any CPU
		{4BF6E92F-62C0-484C-9C52-4D17F58DB286}.AppStore|x64.ActiveCfg = DebugAndroid|x64
		{4BF6E92F-62C0-484C-9C52-4D17F58DB286}.AppStore|x64.Build.0 = DebugAndroid|x64
		{4BF6E92F-62C0-484C-9C52-4D17F58DB286}.AppStore|x86.ActiveCfg = Release|Any CPU
		{4BF6E92F-62C0-484C-9C52-4D17F58DB286}.AppStore|x86.Build.0 = Release|Any CPU
		{4BF6E92F-62C0-484C-9C52-4D17F58DB286}.Debug|Any CPU.ActiveCfg = Debug|Any CPU
		{4BF6E92F-62C0-484C-9C52-4D17F58DB286}.Debug|Any CPU.Build.0 = Debug|Any CPU
		{4BF6E92F-62C0-484C-9C52-4D17F58DB286}.Debug|iPhone.ActiveCfg = Debug|Any CPU
		{4BF6E92F-62C0-484C-9C52-4D17F58DB286}.Debug|iPhone.Build.0 = Debug|Any CPU
		{4BF6E92F-62C0-484C-9C52-4D17F58DB286}.Debug|iPhoneSimulator.ActiveCfg = Debug|Any CPU
		{4BF6E92F-62C0-484C-9C52-4D17F58DB286}.Debug|iPhoneSimulator.Build.0 = Debug|Any CPU
		{4BF6E92F-62C0-484C-9C52-4D17F58DB286}.Debug|x64.ActiveCfg = Debug|x64
		{4BF6E92F-62C0-484C-9C52-4D17F58DB286}.Debug|x64.Build.0 = Debug|x64
		{4BF6E92F-62C0-484C-9C52-4D17F58DB286}.Debug|x86.ActiveCfg = Debug|Any CPU
		{4BF6E92F-62C0-484C-9C52-4D17F58DB286}.Debug|x86.Build.0 = Debug|Any CPU
		{4BF6E92F-62C0-484C-9C52-4D17F58DB286}.DebugAndroid|Any CPU.ActiveCfg = DebugAndroid|Any CPU
		{4BF6E92F-62C0-484C-9C52-4D17F58DB286}.DebugAndroid|Any CPU.Build.0 = DebugAndroid|Any CPU
		{4BF6E92F-62C0-484C-9C52-4D17F58DB286}.DebugAndroid|iPhone.ActiveCfg = DebugAndroid|Any CPU
		{4BF6E92F-62C0-484C-9C52-4D17F58DB286}.DebugAndroid|iPhone.Build.0 = DebugAndroid|Any CPU
		{4BF6E92F-62C0-484C-9C52-4D17F58DB286}.DebugAndroid|iPhoneSimulator.ActiveCfg = DebugAndroid|Any CPU
		{4BF6E92F-62C0-484C-9C52-4D17F58DB286}.DebugAndroid|iPhoneSimulator.Build.0 = DebugAndroid|Any CPU
		{4BF6E92F-62C0-484C-9C52-4D17F58DB286}.DebugAndroid|x64.ActiveCfg = DebugAndroid|x64
		{4BF6E92F-62C0-484C-9C52-4D17F58DB286}.DebugAndroid|x64.Build.0 = DebugAndroid|x64
		{4BF6E92F-62C0-484C-9C52-4D17F58DB286}.DebugAndroid|x86.ActiveCfg = DebugAndroid|Any CPU
		{4BF6E92F-62C0-484C-9C52-4D17F58DB286}.DebugAndroid|x86.Build.0 = DebugAndroid|Any CPU
		{4BF6E92F-62C0-484C-9C52-4D17F58DB286}.Release|Any CPU.ActiveCfg = Release|Any CPU
		{4BF6E92F-62C0-484C-9C52-4D17F58DB286}.Release|Any CPU.Build.0 = Release|Any CPU
		{4BF6E92F-62C0-484C-9C52-4D17F58DB286}.Release|iPhone.ActiveCfg = Release|Any CPU
		{4BF6E92F-62C0-484C-9C52-4D17F58DB286}.Release|iPhone.Build.0 = Release|Any CPU
		{4BF6E92F-62C0-484C-9C52-4D17F58DB286}.Release|iPhoneSimulator.ActiveCfg = Release|Any CPU
		{4BF6E92F-62C0-484C-9C52-4D17F58DB286}.Release|iPhoneSimulator.Build.0 = Release|Any CPU
		{4BF6E92F-62C0-484C-9C52-4D17F58DB286}.Release|x64.ActiveCfg = Release|x64
		{4BF6E92F-62C0-484C-9C52-4D17F58DB286}.Release|x64.Build.0 = Release|x64
		{4BF6E92F-62C0-484C-9C52-4D17F58DB286}.Release|x86.ActiveCfg = Release|Any CPU
		{4BF6E92F-62C0-484C-9C52-4D17F58DB286}.Release|x86.Build.0 = Release|Any CPU
		{6E8D0D7C-135A-4DC6-A223-57A072B166F7}.Ad-Hoc|Any CPU.ActiveCfg = Release|Any CPU
		{6E8D0D7C-135A-4DC6-A223-57A072B166F7}.Ad-Hoc|Any CPU.Build.0 = Release|Any CPU
		{6E8D0D7C-135A-4DC6-A223-57A072B166F7}.Ad-Hoc|iPhone.ActiveCfg = Release|Any CPU
		{6E8D0D7C-135A-4DC6-A223-57A072B166F7}.Ad-Hoc|iPhone.Build.0 = Release|Any CPU
		{6E8D0D7C-135A-4DC6-A223-57A072B166F7}.Ad-Hoc|iPhoneSimulator.ActiveCfg = Release|Any CPU
		{6E8D0D7C-135A-4DC6-A223-57A072B166F7}.Ad-Hoc|iPhoneSimulator.Build.0 = Release|Any CPU
		{6E8D0D7C-135A-4DC6-A223-57A072B166F7}.Ad-Hoc|x64.ActiveCfg = DebugAndroid|x64
		{6E8D0D7C-135A-4DC6-A223-57A072B166F7}.Ad-Hoc|x64.Build.0 = DebugAndroid|x64
		{6E8D0D7C-135A-4DC6-A223-57A072B166F7}.Ad-Hoc|x86.ActiveCfg = Release|Any CPU
		{6E8D0D7C-135A-4DC6-A223-57A072B166F7}.Ad-Hoc|x86.Build.0 = Release|Any CPU
		{6E8D0D7C-135A-4DC6-A223-57A072B166F7}.AppStore|Any CPU.ActiveCfg = Release|Any CPU
		{6E8D0D7C-135A-4DC6-A223-57A072B166F7}.AppStore|Any CPU.Build.0 = Release|Any CPU
		{6E8D0D7C-135A-4DC6-A223-57A072B166F7}.AppStore|iPhone.ActiveCfg = Release|Any CPU
		{6E8D0D7C-135A-4DC6-A223-57A072B166F7}.AppStore|iPhone.Build.0 = Release|Any CPU
		{6E8D0D7C-135A-4DC6-A223-57A072B166F7}.AppStore|iPhoneSimulator.ActiveCfg = Release|Any CPU
		{6E8D0D7C-135A-4DC6-A223-57A072B166F7}.AppStore|iPhoneSimulator.Build.0 = Release|Any CPU
		{6E8D0D7C-135A-4DC6-A223-57A072B166F7}.AppStore|x64.ActiveCfg = DebugAndroid|x64
		{6E8D0D7C-135A-4DC6-A223-57A072B166F7}.AppStore|x64.Build.0 = DebugAndroid|x64
		{6E8D0D7C-135A-4DC6-A223-57A072B166F7}.AppStore|x86.ActiveCfg = Release|Any CPU
		{6E8D0D7C-135A-4DC6-A223-57A072B166F7}.AppStore|x86.Build.0 = Release|Any CPU
		{6E8D0D7C-135A-4DC6-A223-57A072B166F7}.Debug|Any CPU.ActiveCfg = Debug|Any CPU
		{6E8D0D7C-135A-4DC6-A223-57A072B166F7}.Debug|Any CPU.Build.0 = Debug|Any CPU
		{6E8D0D7C-135A-4DC6-A223-57A072B166F7}.Debug|iPhone.ActiveCfg = Debug|Any CPU
		{6E8D0D7C-135A-4DC6-A223-57A072B166F7}.Debug|iPhone.Build.0 = Debug|Any CPU
		{6E8D0D7C-135A-4DC6-A223-57A072B166F7}.Debug|iPhoneSimulator.ActiveCfg = Debug|Any CPU
		{6E8D0D7C-135A-4DC6-A223-57A072B166F7}.Debug|iPhoneSimulator.Build.0 = Debug|Any CPU
		{6E8D0D7C-135A-4DC6-A223-57A072B166F7}.Debug|x64.ActiveCfg = Debug|x64
		{6E8D0D7C-135A-4DC6-A223-57A072B166F7}.Debug|x64.Build.0 = Debug|x64
		{6E8D0D7C-135A-4DC6-A223-57A072B166F7}.Debug|x86.ActiveCfg = Debug|Any CPU
		{6E8D0D7C-135A-4DC6-A223-57A072B166F7}.Debug|x86.Build.0 = Debug|Any CPU
		{6E8D0D7C-135A-4DC6-A223-57A072B166F7}.DebugAndroid|Any CPU.ActiveCfg = DebugAndroid|Any CPU
		{6E8D0D7C-135A-4DC6-A223-57A072B166F7}.DebugAndroid|Any CPU.Build.0 = DebugAndroid|Any CPU
		{6E8D0D7C-135A-4DC6-A223-57A072B166F7}.DebugAndroid|iPhone.ActiveCfg = DebugAndroid|Any CPU
		{6E8D0D7C-135A-4DC6-A223-57A072B166F7}.DebugAndroid|iPhone.Build.0 = DebugAndroid|Any CPU
		{6E8D0D7C-135A-4DC6-A223-57A072B166F7}.DebugAndroid|iPhoneSimulator.ActiveCfg = DebugAndroid|Any CPU
		{6E8D0D7C-135A-4DC6-A223-57A072B166F7}.DebugAndroid|iPhoneSimulator.Build.0 = DebugAndroid|Any CPU
		{6E8D0D7C-135A-4DC6-A223-57A072B166F7}.DebugAndroid|x64.ActiveCfg = DebugAndroid|x64
		{6E8D0D7C-135A-4DC6-A223-57A072B166F7}.DebugAndroid|x64.Build.0 = DebugAndroid|x64
		{6E8D0D7C-135A-4DC6-A223-57A072B166F7}.DebugAndroid|x86.ActiveCfg = DebugAndroid|Any CPU
		{6E8D0D7C-135A-4DC6-A223-57A072B166F7}.DebugAndroid|x86.Build.0 = DebugAndroid|Any CPU
		{6E8D0D7C-135A-4DC6-A223-57A072B166F7}.Release|Any CPU.ActiveCfg = Release|Any CPU
		{6E8D0D7C-135A-4DC6-A223-57A072B166F7}.Release|Any CPU.Build.0 = Release|Any CPU
		{6E8D0D7C-135A-4DC6-A223-57A072B166F7}.Release|iPhone.ActiveCfg = Release|Any CPU
		{6E8D0D7C-135A-4DC6-A223-57A072B166F7}.Release|iPhone.Build.0 = Release|Any CPU
		{6E8D0D7C-135A-4DC6-A223-57A072B166F7}.Release|iPhoneSimulator.ActiveCfg = Release|Any CPU
		{6E8D0D7C-135A-4DC6-A223-57A072B166F7}.Release|iPhoneSimulator.Build.0 = Release|Any CPU
		{6E8D0D7C-135A-4DC6-A223-57A072B166F7}.Release|x64.ActiveCfg = Release|x64
		{6E8D0D7C-135A-4DC6-A223-57A072B166F7}.Release|x64.Build.0 = Release|x64
		{6E8D0D7C-135A-4DC6-A223-57A072B166F7}.Release|x86.ActiveCfg = Release|Any CPU
		{6E8D0D7C-135A-4DC6-A223-57A072B166F7}.Release|x86.Build.0 = Release|Any CPU
		{9D79E3D1-B453-46FD-A3D2-60D955E8B542}.Ad-Hoc|Any CPU.ActiveCfg = Release|Any CPU
		{9D79E3D1-B453-46FD-A3D2-60D955E8B542}.Ad-Hoc|Any CPU.Build.0 = Release|Any CPU
		{9D79E3D1-B453-46FD-A3D2-60D955E8B542}.Ad-Hoc|iPhone.ActiveCfg = Release|Any CPU
		{9D79E3D1-B453-46FD-A3D2-60D955E8B542}.Ad-Hoc|iPhone.Build.0 = Release|Any CPU
		{9D79E3D1-B453-46FD-A3D2-60D955E8B542}.Ad-Hoc|iPhoneSimulator.ActiveCfg = Release|Any CPU
		{9D79E3D1-B453-46FD-A3D2-60D955E8B542}.Ad-Hoc|iPhoneSimulator.Build.0 = Release|Any CPU
		{9D79E3D1-B453-46FD-A3D2-60D955E8B542}.Ad-Hoc|x64.ActiveCfg = Release|Any CPU
		{9D79E3D1-B453-46FD-A3D2-60D955E8B542}.Ad-Hoc|x64.Build.0 = Release|Any CPU
		{9D79E3D1-B453-46FD-A3D2-60D955E8B542}.Ad-Hoc|x86.ActiveCfg = Release|Any CPU
		{9D79E3D1-B453-46FD-A3D2-60D955E8B542}.Ad-Hoc|x86.Build.0 = Release|Any CPU
		{9D79E3D1-B453-46FD-A3D2-60D955E8B542}.AppStore|Any CPU.ActiveCfg = Release|Any CPU
		{9D79E3D1-B453-46FD-A3D2-60D955E8B542}.AppStore|Any CPU.Build.0 = Release|Any CPU
		{9D79E3D1-B453-46FD-A3D2-60D955E8B542}.AppStore|iPhone.ActiveCfg = Release|Any CPU
		{9D79E3D1-B453-46FD-A3D2-60D955E8B542}.AppStore|iPhone.Build.0 = Release|Any CPU
		{9D79E3D1-B453-46FD-A3D2-60D955E8B542}.AppStore|iPhoneSimulator.ActiveCfg = Release|Any CPU
		{9D79E3D1-B453-46FD-A3D2-60D955E8B542}.AppStore|iPhoneSimulator.Build.0 = Release|Any CPU
		{9D79E3D1-B453-46FD-A3D2-60D955E8B542}.AppStore|x64.ActiveCfg = Release|Any CPU
		{9D79E3D1-B453-46FD-A3D2-60D955E8B542}.AppStore|x64.Build.0 = Release|Any CPU
		{9D79E3D1-B453-46FD-A3D2-60D955E8B542}.AppStore|x86.ActiveCfg = Release|Any CPU
		{9D79E3D1-B453-46FD-A3D2-60D955E8B542}.AppStore|x86.Build.0 = Release|Any CPU
		{9D79E3D1-B453-46FD-A3D2-60D955E8B542}.Debug|Any CPU.ActiveCfg = Debug|Any CPU
		{9D79E3D1-B453-46FD-A3D2-60D955E8B542}.Debug|Any CPU.Build.0 = Debug|Any CPU
		{9D79E3D1-B453-46FD-A3D2-60D955E8B542}.Debug|iPhone.ActiveCfg = Debug|Any CPU
		{9D79E3D1-B453-46FD-A3D2-60D955E8B542}.Debug|iPhone.Build.0 = Debug|Any CPU
		{9D79E3D1-B453-46FD-A3D2-60D955E8B542}.Debug|iPhoneSimulator.ActiveCfg = Debug|Any CPU
		{9D79E3D1-B453-46FD-A3D2-60D955E8B542}.Debug|iPhoneSimulator.Build.0 = Debug|Any CPU
		{9D79E3D1-B453-46FD-A3D2-60D955E8B542}.Debug|x64.ActiveCfg = Debug|Any CPU
		{9D79E3D1-B453-46FD-A3D2-60D955E8B542}.Debug|x64.Build.0 = Debug|Any CPU
		{9D79E3D1-B453-46FD-A3D2-60D955E8B542}.Debug|x86.ActiveCfg = Debug|Any CPU
		{9D79E3D1-B453-46FD-A3D2-60D955E8B542}.Debug|x86.Build.0 = Debug|Any CPU
		{9D79E3D1-B453-46FD-A3D2-60D955E8B542}.DebugAndroid|Any CPU.ActiveCfg = Debug|Any CPU
		{9D79E3D1-B453-46FD-A3D2-60D955E8B542}.DebugAndroid|Any CPU.Build.0 = Debug|Any CPU
		{9D79E3D1-B453-46FD-A3D2-60D955E8B542}.DebugAndroid|iPhone.ActiveCfg = Debug|Any CPU
		{9D79E3D1-B453-46FD-A3D2-60D955E8B542}.DebugAndroid|iPhone.Build.0 = Debug|Any CPU
		{9D79E3D1-B453-46FD-A3D2-60D955E8B542}.DebugAndroid|iPhoneSimulator.ActiveCfg = Debug|Any CPU
		{9D79E3D1-B453-46FD-A3D2-60D955E8B542}.DebugAndroid|iPhoneSimulator.Build.0 = Debug|Any CPU
		{9D79E3D1-B453-46FD-A3D2-60D955E8B542}.DebugAndroid|x64.ActiveCfg = Debug|Any CPU
		{9D79E3D1-B453-46FD-A3D2-60D955E8B542}.DebugAndroid|x64.Build.0 = Debug|Any CPU
		{9D79E3D1-B453-46FD-A3D2-60D955E8B542}.DebugAndroid|x86.ActiveCfg = Debug|Any CPU
		{9D79E3D1-B453-46FD-A3D2-60D955E8B542}.DebugAndroid|x86.Build.0 = Debug|Any CPU
		{9D79E3D1-B453-46FD-A3D2-60D955E8B542}.Release|Any CPU.ActiveCfg = Release|Any CPU
		{9D79E3D1-B453-46FD-A3D2-60D955E8B542}.Release|Any CPU.Build.0 = Release|Any CPU
		{9D79E3D1-B453-46FD-A3D2-60D955E8B542}.Release|iPhone.ActiveCfg = Release|Any CPU
		{9D79E3D1-B453-46FD-A3D2-60D955E8B542}.Release|iPhone.Build.0 = Release|Any CPU
		{9D79E3D1-B453-46FD-A3D2-60D955E8B542}.Release|iPhoneSimulator.ActiveCfg = Release|Any CPU
		{9D79E3D1-B453-46FD-A3D2-60D955E8B542}.Release|iPhoneSimulator.Build.0 = Release|Any CPU
		{9D79E3D1-B453-46FD-A3D2-60D955E8B542}.Release|x64.ActiveCfg = Release|Any CPU
		{9D79E3D1-B453-46FD-A3D2-60D955E8B542}.Release|x64.Build.0 = Release|Any CPU
		{9D79E3D1-B453-46FD-A3D2-60D955E8B542}.Release|x86.ActiveCfg = Release|Any CPU
		{9D79E3D1-B453-46FD-A3D2-60D955E8B542}.Release|x86.Build.0 = Release|Any CPU
	EndGlobalSection
	GlobalSection(SolutionProperties) = preSolution
		HideSolutionNode = FALSE
	EndGlobalSection
	GlobalSection(ExtensibilityGlobals) = postSolution
		SolutionGuid = {93572E54-59B6-40D5-BC60-CEFB01C9F365}
	EndGlobalSection
EndGlobal
